{
  "nodes": {
    "nixpkgs": {
      "locked": {
        "lastModified": 1760284886,
        "narHash": "sha256-TK9Kr0BYBQ/1P5kAsnNQhmWWKgmZXwUQr4ZMjCzWf2c=",
        "owner": "nixos",
        "repo": "nixpkgs",
        "rev": "cf3f5c4def3c7b5f1fc012b3d839575dbe552d43",
        "type": "github"
      },
      "original": {
        "owner": "nixos",
        "ref": "nixos-unstable",
        "repo": "nixpkgs",
        "type": "github"
      }
    },
    "root": {
      "inputs": {
        "nixpkgs": "nixpkgs",
        "semi-iso": "semi-iso"
      }
    },
    "semi-iso": {
      "inputs": {
        "nixpkgs": [
          "nixpkgs"
        ]
      },
      "locked": {
        "lastModified": 1760465104,
        "narHash": "sha256-Cit2tXFeEv7EhAQ7xYwR++AobYrP+fDlqYgHEDlHrvI=",
        "owner": "ners",
        "repo": "semi-iso",
        "rev": "27b845c5209f59bf8d3ed75ec3ced668e8415989",
        "type": "github"
      },
      "original": {
        "owner": "ners",
        "repo": "semi-iso",
        "type": "github"
      }
    }
  },
  "root": "root",
  "version": 7
}
