{
  "nodes": {
    "nixpkgs": {
      "locked": {
        "lastModified": 1741379970,
        "narHash": "sha256-Wh7esNh7G24qYleLvgOSY/7HlDUzWaL/n4qzlBePpiw=",
        "owner": "nixos",
        "repo": "nixpkgs",
        "rev": "36fd87baa9083f34f7f5027900b62ee6d09b1f2f",
        "type": "github"
      },
      "original": {
        "owner": "nixos",
        "ref": "nixos-unstable",
        "repo": "nixpkgs",
        "type": "github"
      }
    },
    "root": {
      "inputs": {
        "nixpkgs": "nixpkgs",
        "semi-iso": "semi-iso"
      }
    },
    "semi-iso": {
      "inputs": {
        "nixpkgs": [
          "nixpkgs"
        ]
      },
      "locked": {
        "lastModified": 1729358745,
        "narHash": "sha256-ajXX+DhENGu7j34wnNb4bFCzbq9NkAj7NnDvKiQseLw=",
        "owner": "ners",
        "repo": "semi-iso",
        "rev": "f679110925cac46c0205880081822972236543ab",
        "type": "github"
      },
      "original": {
        "owner": "ners",
        "repo": "semi-iso",
        "type": "github"
      }
    }
  },
  "root": "root",
  "version": 7
}
